// !$*UTF8*$!
{
	archiveVersion = 1;
	classes = {
	};
	objectVersion = 56;
	objects = {

/* Begin PBXBuildFile section */
		229324C5F6ADB9EFC8329A98 /* Pods_WhatToDo_WhatToDoUITests.framework in Frameworks */ = {isa = PBXBuildFile; fileRef = 7AC842379140FEB68899B60A /* Pods_WhatToDo_WhatToDoUITests.framework */; };
		6E1976882A32D14D00E3B817 /* WeatherView.swift in Sources */ = {isa = PBXBuildFile; fileRef = 6E1976872A32D14D00E3B817 /* WeatherView.swift */; };
		6E19768A2A32DBE300E3B817 /* LocationManager.swift in Sources */ = {isa = PBXBuildFile; fileRef = 6E1976892A32DBE300E3B817 /* LocationManager.swift */; };
		6E2C56F02A31A977005C8DAB /* WhatToDoApp.swift in Sources */ = {isa = PBXBuildFile; fileRef = 6E2C56EF2A31A977005C8DAB /* WhatToDoApp.swift */; };
		6E2C56F22A31A977005C8DAB /* ContentView.swift in Sources */ = {isa = PBXBuildFile; fileRef = 6E2C56F12A31A977005C8DAB /* ContentView.swift */; };
		6E2C56F42A31A979005C8DAB /* Assets.xcassets in Resources */ = {isa = PBXBuildFile; fileRef = 6E2C56F32A31A979005C8DAB /* Assets.xcassets */; };
		6E2C56F72A31A979005C8DAB /* Preview Assets.xcassets in Resources */ = {isa = PBXBuildFile; fileRef = 6E2C56F62A31A979005C8DAB /* Preview Assets.xcassets */; };
		6E2C56F92A31A979005C8DAB /* Persistence.swift in Sources */ = {isa = PBXBuildFile; fileRef = 6E2C56F82A31A979005C8DAB /* Persistence.swift */; };
		6E2C56FC2A31A979005C8DAB /* WhatToDo.xcdatamodeld in Sources */ = {isa = PBXBuildFile; fileRef = 6E2C56FA2A31A979005C8DAB /* WhatToDo.xcdatamodeld */; };
		6E2C57062A31A979005C8DAB /* WhatToDoTests.swift in Sources */ = {isa = PBXBuildFile; fileRef = 6E2C57052A31A979005C8DAB /* WhatToDoTests.swift */; };
		6E2C57102A31A979005C8DAB /* WhatToDoUITests.swift in Sources */ = {isa = PBXBuildFile; fileRef = 6E2C570F2A31A979005C8DAB /* WhatToDoUITests.swift */; };
		6E2C57122A31A979005C8DAB /* WhatToDoUITestsLaunchTests.swift in Sources */ = {isa = PBXBuildFile; fileRef = 6E2C57112A31A979005C8DAB /* WhatToDoUITestsLaunchTests.swift */; };
		6E2C571F2A31AAD7005C8DAB /* GoogleService-Info.plist in Resources */ = {isa = PBXBuildFile; fileRef = 6E2C571E2A31AAD7005C8DAB /* GoogleService-Info.plist */; };
		6E2C57232A31AE82005C8DAB /* LaunchScreen.storyboard in Resources */ = {isa = PBXBuildFile; fileRef = 6E2C57222A31AE82005C8DAB /* LaunchScreen.storyboard */; };
		6E2C572B2A31B287005C8DAB /* CommonButton.swift in Sources */ = {isa = PBXBuildFile; fileRef = 6E2C572A2A31B287005C8DAB /* CommonButton.swift */; };
		6E2C572E2A31B574005C8DAB /* Color+Ext.swift in Sources */ = {isa = PBXBuildFile; fileRef = 6E2C572D2A31B574005C8DAB /* Color+Ext.swift */; };
		6E2C57312A31BAC1005C8DAB /* Constants.swift in Sources */ = {isa = PBXBuildFile; fileRef = 6E2C57302A31BAC1005C8DAB /* Constants.swift */; };
		6E2C57352A31BBA4005C8DAB /* HomeView.swift in Sources */ = {isa = PBXBuildFile; fileRef = 6E2C57342A31BBA4005C8DAB /* HomeView.swift */; };
		6E2C57372A31BBB3005C8DAB /* LoginView.swift in Sources */ = {isa = PBXBuildFile; fileRef = 6E2C57362A31BBB3005C8DAB /* LoginView.swift */; };
		6E2C57392A31CA7D005C8DAB /* AppleLoginButton.swift in Sources */ = {isa = PBXBuildFile; fileRef = 6E2C57382A31CA7D005C8DAB /* AppleLoginButton.swift */; };
		6E2C573B2A31CCAD005C8DAB /* LoginHeaderView.swift in Sources */ = {isa = PBXBuildFile; fileRef = 6E2C573A2A31CCAD005C8DAB /* LoginHeaderView.swift */; };
		6E2C573E2A31CF5D005C8DAB /* AppleService.swift in Sources */ = {isa = PBXBuildFile; fileRef = 6E2C573D2A31CF5D005C8DAB /* AppleService.swift */; };
		6E2C57402A32B020005C8DAB /* GoogleService.swift in Sources */ = {isa = PBXBuildFile; fileRef = 6E2C573F2A32B020005C8DAB /* GoogleService.swift */; };
		6E2C57422A32B026005C8DAB /* FirebaseAuthService.swift in Sources */ = {isa = PBXBuildFile; fileRef = 6E2C57412A32B026005C8DAB /* FirebaseAuthService.swift */; };
		6E2C57452A32B812005C8DAB /* UserDefaultsUtil.swift in Sources */ = {isa = PBXBuildFile; fileRef = 6E2C57442A32B812005C8DAB /* UserDefaultsUtil.swift */; };
		6E2C57472A32BBD8005C8DAB /* CommonUtil.swift in Sources */ = {isa = PBXBuildFile; fileRef = 6E2C57462A32BBD8005C8DAB /* CommonUtil.swift */; };
		6E2C57492A32BE93005C8DAB /* FirebaseDatabaseService.swift in Sources */ = {isa = PBXBuildFile; fileRef = 6E2C57482A32BE93005C8DAB /* FirebaseDatabaseService.swift */; };
		9A1669F92955FE7BADAAD0F0 /* Pods_WhatToDo.framework in Frameworks */ = {isa = PBXBuildFile; fileRef = 88FAAE78B74F1771E0640C25 /* Pods_WhatToDo.framework */; };
		BFFD8B7CC7992C87A52D2CB9 /* Pods_WhatToDoTests.framework in Frameworks */ = {isa = PBXBuildFile; fileRef = 4A21259FD74F9F41578592C0 /* Pods_WhatToDoTests.framework */; };
/* End PBXBuildFile section */

/* Begin PBXContainerItemProxy section */
		6E2C57022A31A979005C8DAB /* PBXContainerItemProxy */ = {
			isa = PBXContainerItemProxy;
			containerPortal = 6E2C56E42A31A977005C8DAB /* Project object */;
			proxyType = 1;
			remoteGlobalIDString = 6E2C56EB2A31A977005C8DAB;
			remoteInfo = WhatToDo;
		};
		6E2C570C2A31A979005C8DAB /* PBXContainerItemProxy */ = {
			isa = PBXContainerItemProxy;
			containerPortal = 6E2C56E42A31A977005C8DAB /* Project object */;
			proxyType = 1;
			remoteGlobalIDString = 6E2C56EB2A31A977005C8DAB;
			remoteInfo = WhatToDo;
		};
/* End PBXContainerItemProxy section */

/* Begin PBXFileReference section */
		1067E9B7DBD086930AC3EA97 /* Pods-WhatToDo-WhatToDoUITests.release.xcconfig */ = {isa = PBXFileReference; includeInIndex = 1; lastKnownFileType = text.xcconfig; name = "Pods-WhatToDo-WhatToDoUITests.release.xcconfig"; path = "Target Support Files/Pods-WhatToDo-WhatToDoUITests/Pods-WhatToDo-WhatToDoUITests.release.xcconfig"; sourceTree = "<group>"; };
		2E858DDE606BA16E13969CD8 /* Pods-WhatToDoTests.debug.xcconfig */ = {isa = PBXFileReference; includeInIndex = 1; lastKnownFileType = text.xcconfig; name = "Pods-WhatToDoTests.debug.xcconfig"; path = "Target Support Files/Pods-WhatToDoTests/Pods-WhatToDoTests.debug.xcconfig"; sourceTree = "<group>"; };
		4A21259FD74F9F41578592C0 /* Pods_WhatToDoTests.framework */ = {isa = PBXFileReference; explicitFileType = wrapper.framework; includeInIndex = 0; path = Pods_WhatToDoTests.framework; sourceTree = BUILT_PRODUCTS_DIR; };
		6E1976872A32D14D00E3B817 /* WeatherView.swift */ = {isa = PBXFileReference; lastKnownFileType = sourcecode.swift; name = WeatherView.swift; path = WhatToDo/Services/WeatherView.swift; sourceTree = SOURCE_ROOT; };
		6E1976892A32DBE300E3B817 /* LocationManager.swift */ = {isa = PBXFileReference; lastKnownFileType = sourcecode.swift; path = LocationManager.swift; sourceTree = "<group>"; };
		6E2C56EC2A31A977005C8DAB /* WhatToDo.app */ = {isa = PBXFileReference; explicitFileType = wrapper.application; includeInIndex = 0; path = WhatToDo.app; sourceTree = BUILT_PRODUCTS_DIR; };
		6E2C56EF2A31A977005C8DAB /* WhatToDoApp.swift */ = {isa = PBXFileReference; lastKnownFileType = sourcecode.swift; path = WhatToDoApp.swift; sourceTree = "<group>"; };
		6E2C56F12A31A977005C8DAB /* ContentView.swift */ = {isa = PBXFileReference; lastKnownFileType = sourcecode.swift; path = ContentView.swift; sourceTree = "<group>"; };
		6E2C56F32A31A979005C8DAB /* Assets.xcassets */ = {isa = PBXFileReference; lastKnownFileType = folder.assetcatalog; path = Assets.xcassets; sourceTree = "<group>"; };
		6E2C56F62A31A979005C8DAB /* Preview Assets.xcassets */ = {isa = PBXFileReference; lastKnownFileType = folder.assetcatalog; path = "Preview Assets.xcassets"; sourceTree = "<group>"; };
		6E2C56F82A31A979005C8DAB /* Persistence.swift */ = {isa = PBXFileReference; lastKnownFileType = sourcecode.swift; path = Persistence.swift; sourceTree = "<group>"; };
		6E2C56FB2A31A979005C8DAB /* WhatToDo.xcdatamodel */ = {isa = PBXFileReference; lastKnownFileType = wrapper.xcdatamodel; path = WhatToDo.xcdatamodel; sourceTree = "<group>"; };
		6E2C57012A31A979005C8DAB /* WhatToDoTests.xctest */ = {isa = PBXFileReference; explicitFileType = wrapper.cfbundle; includeInIndex = 0; path = WhatToDoTests.xctest; sourceTree = BUILT_PRODUCTS_DIR; };
		6E2C57052A31A979005C8DAB /* WhatToDoTests.swift */ = {isa = PBXFileReference; lastKnownFileType = sourcecode.swift; path = WhatToDoTests.swift; sourceTree = "<group>"; };
		6E2C570B2A31A979005C8DAB /* WhatToDoUITests.xctest */ = {isa = PBXFileReference; explicitFileType = wrapper.cfbundle; includeInIndex = 0; path = WhatToDoUITests.xctest; sourceTree = BUILT_PRODUCTS_DIR; };
		6E2C570F2A31A979005C8DAB /* WhatToDoUITests.swift */ = {isa = PBXFileReference; lastKnownFileType = sourcecode.swift; path = WhatToDoUITests.swift; sourceTree = "<group>"; };
		6E2C57112A31A979005C8DAB /* WhatToDoUITestsLaunchTests.swift */ = {isa = PBXFileReference; lastKnownFileType = sourcecode.swift; path = WhatToDoUITestsLaunchTests.swift; sourceTree = "<group>"; };
		6E2C571E2A31AAD7005C8DAB /* GoogleService-Info.plist */ = {isa = PBXFileReference; fileEncoding = 4; lastKnownFileType = text.plist.xml; path = "GoogleService-Info.plist"; sourceTree = "<group>"; };
		6E2C57202A31ACE1005C8DAB /* Info.plist */ = {isa = PBXFileReference; lastKnownFileType = text.plist; path = Info.plist; sourceTree = "<group>"; };
		6E2C57212A31ADD8005C8DAB /* WhatToDo.entitlements */ = {isa = PBXFileReference; lastKnownFileType = text.plist.entitlements; path = WhatToDo.entitlements; sourceTree = "<group>"; };
		6E2C57222A31AE82005C8DAB /* LaunchScreen.storyboard */ = {isa = PBXFileReference; lastKnownFileType = file.storyboard; path = LaunchScreen.storyboard; sourceTree = "<group>"; };
		6E2C572A2A31B287005C8DAB /* CommonButton.swift */ = {isa = PBXFileReference; lastKnownFileType = sourcecode.swift; path = CommonButton.swift; sourceTree = "<group>"; };
		6E2C572D2A31B574005C8DAB /* Color+Ext.swift */ = {isa = PBXFileReference; lastKnownFileType = sourcecode.swift; path = "Color+Ext.swift"; sourceTree = "<group>"; };
		6E2C57302A31BAC1005C8DAB /* Constants.swift */ = {isa = PBXFileReference; lastKnownFileType = sourcecode.swift; path = Constants.swift; sourceTree = "<group>"; };
		6E2C57342A31BBA4005C8DAB /* HomeView.swift */ = {isa = PBXFileReference; lastKnownFileType = sourcecode.swift; path = HomeView.swift; sourceTree = "<group>"; };
		6E2C57362A31BBB3005C8DAB /* LoginView.swift */ = {isa = PBXFileReference; lastKnownFileType = sourcecode.swift; path = LoginView.swift; sourceTree = "<group>"; };
		6E2C57382A31CA7D005C8DAB /* AppleLoginButton.swift */ = {isa = PBXFileReference; lastKnownFileType = sourcecode.swift; path = AppleLoginButton.swift; sourceTree = "<group>"; };
		6E2C573A2A31CCAD005C8DAB /* LoginHeaderView.swift */ = {isa = PBXFileReference; lastKnownFileType = sourcecode.swift; path = LoginHeaderView.swift; sourceTree = "<group>"; };
		6E2C573D2A31CF5D005C8DAB /* AppleService.swift */ = {isa = PBXFileReference; lastKnownFileType = sourcecode.swift; path = AppleService.swift; sourceTree = "<group>"; };
		6E2C573F2A32B020005C8DAB /* GoogleService.swift */ = {isa = PBXFileReference; lastKnownFileType = sourcecode.swift; path = GoogleService.swift; sourceTree = "<group>"; };
		6E2C57412A32B026005C8DAB /* FirebaseAuthService.swift */ = {isa = PBXFileReference; lastKnownFileType = sourcecode.swift; path = FirebaseAuthService.swift; sourceTree = "<group>"; };
		6E2C57442A32B812005C8DAB /* UserDefaultsUtil.swift */ = {isa = PBXFileReference; lastKnownFileType = sourcecode.swift; path = UserDefaultsUtil.swift; sourceTree = "<group>"; };
		6E2C57462A32BBD8005C8DAB /* CommonUtil.swift */ = {isa = PBXFileReference; lastKnownFileType = sourcecode.swift; path = CommonUtil.swift; sourceTree = "<group>"; };
		6E2C57482A32BE93005C8DAB /* FirebaseDatabaseService.swift */ = {isa = PBXFileReference; lastKnownFileType = sourcecode.swift; path = FirebaseDatabaseService.swift; sourceTree = "<group>"; };
		7AC842379140FEB68899B60A /* Pods_WhatToDo_WhatToDoUITests.framework */ = {isa = PBXFileReference; explicitFileType = wrapper.framework; includeInIndex = 0; path = Pods_WhatToDo_WhatToDoUITests.framework; sourceTree = BUILT_PRODUCTS_DIR; };
		840DDD7E0053ADFCCE2F3A6C /* Pods-WhatToDoTests.release.xcconfig */ = {isa = PBXFileReference; includeInIndex = 1; lastKnownFileType = text.xcconfig; name = "Pods-WhatToDoTests.release.xcconfig"; path = "Target Support Files/Pods-WhatToDoTests/Pods-WhatToDoTests.release.xcconfig"; sourceTree = "<group>"; };
		88FAAE78B74F1771E0640C25 /* Pods_WhatToDo.framework */ = {isa = PBXFileReference; explicitFileType = wrapper.framework; includeInIndex = 0; path = Pods_WhatToDo.framework; sourceTree = BUILT_PRODUCTS_DIR; };
		8A4AA99D289DC0A81F3AA462 /* Pods-WhatToDo.debug.xcconfig */ = {isa = PBXFileReference; includeInIndex = 1; lastKnownFileType = text.xcconfig; name = "Pods-WhatToDo.debug.xcconfig"; path = "Target Support Files/Pods-WhatToDo/Pods-WhatToDo.debug.xcconfig"; sourceTree = "<group>"; };
		C6B88012A227CA8C4B48316D /* Pods-WhatToDo-WhatToDoUITests.debug.xcconfig */ = {isa = PBXFileReference; includeInIndex = 1; lastKnownFileType = text.xcconfig; name = "Pods-WhatToDo-WhatToDoUITests.debug.xcconfig"; path = "Target Support Files/Pods-WhatToDo-WhatToDoUITests/Pods-WhatToDo-WhatToDoUITests.debug.xcconfig"; sourceTree = "<group>"; };
		FF182E9ACD3F225B9429C686 /* Pods-WhatToDo.release.xcconfig */ = {isa = PBXFileReference; includeInIndex = 1; lastKnownFileType = text.xcconfig; name = "Pods-WhatToDo.release.xcconfig"; path = "Target Support Files/Pods-WhatToDo/Pods-WhatToDo.release.xcconfig"; sourceTree = "<group>"; };
/* End PBXFileReference section */

/* Begin PBXFrameworksBuildPhase section */
		6E2C56E92A31A977005C8DAB /* Frameworks */ = {
			isa = PBXFrameworksBuildPhase;
			buildActionMask = 2147483647;
			files = (
				9A1669F92955FE7BADAAD0F0 /* Pods_WhatToDo.framework in Frameworks */,
			);
			runOnlyForDeploymentPostprocessing = 0;
		};
		6E2C56FE2A31A979005C8DAB /* Frameworks */ = {
			isa = PBXFrameworksBuildPhase;
			buildActionMask = 2147483647;
			files = (
				BFFD8B7CC7992C87A52D2CB9 /* Pods_WhatToDoTests.framework in Frameworks */,
			);
			runOnlyForDeploymentPostprocessing = 0;
		};
		6E2C57082A31A979005C8DAB /* Frameworks */ = {
			isa = PBXFrameworksBuildPhase;
			buildActionMask = 2147483647;
			files = (
				229324C5F6ADB9EFC8329A98 /* Pods_WhatToDo_WhatToDoUITests.framework in Frameworks */,
			);
			runOnlyForDeploymentPostprocessing = 0;
		};
/* End PBXFrameworksBuildPhase section */

/* Begin PBXGroup section */
		6E1976862A32D14400E3B817 /* Weather */ = {
			isa = PBXGroup;
			children = (
				6E1976872A32D14D00E3B817 /* WeatherView.swift */,
			);
			path = Weather;
			sourceTree = "<group>";
		};
		6E2C56E32A31A977005C8DAB = {
			isa = PBXGroup;
			children = (
				6E2C56EE2A31A977005C8DAB /* WhatToDo */,
				6E2C57042A31A979005C8DAB /* WhatToDoTests */,
				6E2C570E2A31A979005C8DAB /* WhatToDoUITests */,
				6E2C56ED2A31A977005C8DAB /* Products */,
				80A77B31C8FE3AAF21B529D3 /* Pods */,
				AD07271A4728C59F4B1005AA /* Frameworks */,
			);
			sourceTree = "<group>";
		};
		6E2C56ED2A31A977005C8DAB /* Products */ = {
			isa = PBXGroup;
			children = (
				6E2C56EC2A31A977005C8DAB /* WhatToDo.app */,
				6E2C57012A31A979005C8DAB /* WhatToDoTests.xctest */,
				6E2C570B2A31A979005C8DAB /* WhatToDoUITests.xctest */,
			);
			name = Products;
			sourceTree = "<group>";
		};
		6E2C56EE2A31A977005C8DAB /* WhatToDo */ = {
			isa = PBXGroup;
			children = (
				6E2C572F2A31BAB9005C8DAB /* Utils */,
				6E2C572C2A31B566005C8DAB /* Extensions */,
				6E2C57292A31B271005C8DAB /* SubViews */,
				6E2C57272A31B1B8005C8DAB /* Apis */,
				6E2C57262A31B1B0005C8DAB /* Services */,
				6E2C57252A31B1AD005C8DAB /* Models */,
				6E2C57242A31B1A5005C8DAB /* Views */,
				6E2C57212A31ADD8005C8DAB /* WhatToDo.entitlements */,
				6E2C57202A31ACE1005C8DAB /* Info.plist */,
				6E2C56EF2A31A977005C8DAB /* WhatToDoApp.swift */,
				6E2C56F12A31A977005C8DAB /* ContentView.swift */,
				6E2C56F32A31A979005C8DAB /* Assets.xcassets */,
				6E2C56F82A31A979005C8DAB /* Persistence.swift */,
				6E2C571E2A31AAD7005C8DAB /* GoogleService-Info.plist */,
				6E2C56FA2A31A979005C8DAB /* WhatToDo.xcdatamodeld */,
				6E2C56F52A31A979005C8DAB /* Preview Content */,
				6E2C57222A31AE82005C8DAB /* LaunchScreen.storyboard */,
			);
			path = WhatToDo;
			sourceTree = "<group>";
		};
		6E2C56F52A31A979005C8DAB /* Preview Content */ = {
			isa = PBXGroup;
			children = (
				6E2C56F62A31A979005C8DAB /* Preview Assets.xcassets */,
			);
			path = "Preview Content";
			sourceTree = "<group>";
		};
		6E2C57042A31A979005C8DAB /* WhatToDoTests */ = {
			isa = PBXGroup;
			children = (
				6E2C57052A31A979005C8DAB /* WhatToDoTests.swift */,
			);
			path = WhatToDoTests;
			sourceTree = "<group>";
		};
		6E2C570E2A31A979005C8DAB /* WhatToDoUITests */ = {
			isa = PBXGroup;
			children = (
				6E2C570F2A31A979005C8DAB /* WhatToDoUITests.swift */,
				6E2C57112A31A979005C8DAB /* WhatToDoUITestsLaunchTests.swift */,
			);
			path = WhatToDoUITests;
			sourceTree = "<group>";
		};
		6E2C57242A31B1A5005C8DAB /* Views */ = {
			isa = PBXGroup;
			children = (
				6E1976862A32D14400E3B817 /* Weather */,
				6E2C57332A31BB9A005C8DAB /* Login */,
				6E2C57322A31BB96005C8DAB /* Home */,
			);
			path = Views;
			sourceTree = "<group>";
		};
		6E2C57252A31B1AD005C8DAB /* Models */ = {
			isa = PBXGroup;
			children = (
			);
			path = Models;
			sourceTree = "<group>";
		};
		6E2C57262A31B1B0005C8DAB /* Services */ = {
			isa = PBXGroup;
			children = (
				6E2C573D2A31CF5D005C8DAB /* AppleService.swift */,
				6E2C573F2A32B020005C8DAB /* GoogleService.swift */,
				6E2C57412A32B026005C8DAB /* FirebaseAuthService.swift */,
				6E2C57482A32BE93005C8DAB /* FirebaseDatabaseService.swift */,
			);
			path = Services;
			sourceTree = "<group>";
		};
		6E2C57272A31B1B8005C8DAB /* Apis */ = {
			isa = PBXGroup;
			children = (
			);
			path = Apis;
			sourceTree = "<group>";
		};
		6E2C57292A31B271005C8DAB /* SubViews */ = {
			isa = PBXGroup;
			children = (
				6E2C572A2A31B287005C8DAB /* CommonButton.swift */,
				6E2C57382A31CA7D005C8DAB /* AppleLoginButton.swift */,
			);
			path = SubViews;
			sourceTree = "<group>";
		};
		6E2C572C2A31B566005C8DAB /* Extensions */ = {
			isa = PBXGroup;
			children = (
				6E2C572D2A31B574005C8DAB /* Color+Ext.swift */,
			);
			path = Extensions;
			sourceTree = "<group>";
		};
		6E2C572F2A31BAB9005C8DAB /* Utils */ = {
			isa = PBXGroup;
			children = (
				6E2C57302A31BAC1005C8DAB /* Constants.swift */,
				6E2C57442A32B812005C8DAB /* UserDefaultsUtil.swift */,
				6E2C57462A32BBD8005C8DAB /* CommonUtil.swift */,
				6E1976892A32DBE300E3B817 /* LocationManager.swift */,
			);
			path = Utils;
			sourceTree = "<group>";
		};
		6E2C57322A31BB96005C8DAB /* Home */ = {
			isa = PBXGroup;
			children = (
				6E2C57342A31BBA4005C8DAB /* HomeView.swift */,
			);
			path = Home;
			sourceTree = "<group>";
		};
		6E2C57332A31BB9A005C8DAB /* Login */ = {
			isa = PBXGroup;
			children = (
				6E2C57362A31BBB3005C8DAB /* LoginView.swift */,
				6E2C573A2A31CCAD005C8DAB /* LoginHeaderView.swift */,
			);
			path = Login;
			sourceTree = "<group>";
		};
		80A77B31C8FE3AAF21B529D3 /* Pods */ = {
			isa = PBXGroup;
			children = (
				8A4AA99D289DC0A81F3AA462 /* Pods-WhatToDo.debug.xcconfig */,
				FF182E9ACD3F225B9429C686 /* Pods-WhatToDo.release.xcconfig */,
				C6B88012A227CA8C4B48316D /* Pods-WhatToDo-WhatToDoUITests.debug.xcconfig */,
				1067E9B7DBD086930AC3EA97 /* Pods-WhatToDo-WhatToDoUITests.release.xcconfig */,
				2E858DDE606BA16E13969CD8 /* Pods-WhatToDoTests.debug.xcconfig */,
				840DDD7E0053ADFCCE2F3A6C /* Pods-WhatToDoTests.release.xcconfig */,
			);
			path = Pods;
			sourceTree = "<group>";
		};
		AD07271A4728C59F4B1005AA /* Frameworks */ = {
			isa = PBXGroup;
			children = (
				88FAAE78B74F1771E0640C25 /* Pods_WhatToDo.framework */,
				7AC842379140FEB68899B60A /* Pods_WhatToDo_WhatToDoUITests.framework */,
				4A21259FD74F9F41578592C0 /* Pods_WhatToDoTests.framework */,
			);
			name = Frameworks;
			sourceTree = "<group>";
		};
/* End PBXGroup section */

/* Begin PBXNativeTarget section */
		6E2C56EB2A31A977005C8DAB /* WhatToDo */ = {
			isa = PBXNativeTarget;
			buildConfigurationList = 6E2C57152A31A979005C8DAB /* Build configuration list for PBXNativeTarget "WhatToDo" */;
			buildPhases = (
				259074ADF8EC089AA8DEA4E0 /* [CP] Check Pods Manifest.lock */,
				6E2C56E82A31A977005C8DAB /* Sources */,
				6E2C56E92A31A977005C8DAB /* Frameworks */,
				6E2C56EA2A31A977005C8DAB /* Resources */,
				E8A9B96CAD0E7DFC26D6E4AA /* [CP] Embed Pods Frameworks */,
			);
			buildRules = (
			);
			dependencies = (
			);
			name = WhatToDo;
			productName = WhatToDo;
			productReference = 6E2C56EC2A31A977005C8DAB /* WhatToDo.app */;
			productType = "com.apple.product-type.application";
		};
		6E2C57002A31A979005C8DAB /* WhatToDoTests */ = {
			isa = PBXNativeTarget;
			buildConfigurationList = 6E2C57182A31A979005C8DAB /* Build configuration list for PBXNativeTarget "WhatToDoTests" */;
			buildPhases = (
				6DC416867B4C915A3B65DFCC /* [CP] Check Pods Manifest.lock */,
				6E2C56FD2A31A979005C8DAB /* Sources */,
				6E2C56FE2A31A979005C8DAB /* Frameworks */,
				6E2C56FF2A31A979005C8DAB /* Resources */,
			);
			buildRules = (
			);
			dependencies = (
				6E2C57032A31A979005C8DAB /* PBXTargetDependency */,
			);
			name = WhatToDoTests;
			productName = WhatToDoTests;
			productReference = 6E2C57012A31A979005C8DAB /* WhatToDoTests.xctest */;
			productType = "com.apple.product-type.bundle.unit-test";
		};
		6E2C570A2A31A979005C8DAB /* WhatToDoUITests */ = {
			isa = PBXNativeTarget;
			buildConfigurationList = 6E2C571B2A31A979005C8DAB /* Build configuration list for PBXNativeTarget "WhatToDoUITests" */;
			buildPhases = (
				6B9A91B0225404F7E824AABE /* [CP] Check Pods Manifest.lock */,
				6E2C57072A31A979005C8DAB /* Sources */,
				6E2C57082A31A979005C8DAB /* Frameworks */,
				6E2C57092A31A979005C8DAB /* Resources */,
				8973DA1A112718D808872949 /* [CP] Embed Pods Frameworks */,
			);
			buildRules = (
			);
			dependencies = (
				6E2C570D2A31A979005C8DAB /* PBXTargetDependency */,
			);
			name = WhatToDoUITests;
			productName = WhatToDoUITests;
			productReference = 6E2C570B2A31A979005C8DAB /* WhatToDoUITests.xctest */;
			productType = "com.apple.product-type.bundle.ui-testing";
		};
/* End PBXNativeTarget section */

/* Begin PBXProject section */
		6E2C56E42A31A977005C8DAB /* Project object */ = {
			isa = PBXProject;
			attributes = {
				BuildIndependentTargetsInParallel = 1;
				LastSwiftUpdateCheck = 1430;
				LastUpgradeCheck = 1430;
				TargetAttributes = {
					6E2C56EB2A31A977005C8DAB = {
						CreatedOnToolsVersion = 14.3.1;
					};
					6E2C57002A31A979005C8DAB = {
						CreatedOnToolsVersion = 14.3.1;
						TestTargetID = 6E2C56EB2A31A977005C8DAB;
					};
					6E2C570A2A31A979005C8DAB = {
						CreatedOnToolsVersion = 14.3.1;
						TestTargetID = 6E2C56EB2A31A977005C8DAB;
					};
				};
			};
			buildConfigurationList = 6E2C56E72A31A977005C8DAB /* Build configuration list for PBXProject "WhatToDo" */;
			compatibilityVersion = "Xcode 14.0";
			developmentRegion = en;
			hasScannedForEncodings = 0;
			knownRegions = (
				en,
				Base,
			);
			mainGroup = 6E2C56E32A31A977005C8DAB;
			productRefGroup = 6E2C56ED2A31A977005C8DAB /* Products */;
			projectDirPath = "";
			projectRoot = "";
			targets = (
				6E2C56EB2A31A977005C8DAB /* WhatToDo */,
				6E2C57002A31A979005C8DAB /* WhatToDoTests */,
				6E2C570A2A31A979005C8DAB /* WhatToDoUITests */,
			);
		};
/* End PBXProject section */

/* Begin PBXResourcesBuildPhase section */
		6E2C56EA2A31A977005C8DAB /* Resources */ = {
			isa = PBXResourcesBuildPhase;
			buildActionMask = 2147483647;
			files = (
				6E2C56F72A31A979005C8DAB /* Preview Assets.xcassets in Resources */,
				6E2C571F2A31AAD7005C8DAB /* GoogleService-Info.plist in Resources */,
				6E2C57232A31AE82005C8DAB /* LaunchScreen.storyboard in Resources */,
				6E2C56F42A31A979005C8DAB /* Assets.xcassets in Resources */,
			);
			runOnlyForDeploymentPostprocessing = 0;
		};
		6E2C56FF2A31A979005C8DAB /* Resources */ = {
			isa = PBXResourcesBuildPhase;
			buildActionMask = 2147483647;
			files = (
			);
			runOnlyForDeploymentPostprocessing = 0;
		};
		6E2C57092A31A979005C8DAB /* Resources */ = {
			isa = PBXResourcesBuildPhase;
			buildActionMask = 2147483647;
			files = (
			);
			runOnlyForDeploymentPostprocessing = 0;
		};
/* End PBXResourcesBuildPhase section */

/* Begin PBXShellScriptBuildPhase section */
		259074ADF8EC089AA8DEA4E0 /* [CP] Check Pods Manifest.lock */ = {
			isa = PBXShellScriptBuildPhase;
			buildActionMask = 2147483647;
			files = (
			);
			inputFileListPaths = (
			);
			inputPaths = (
				"${PODS_PODFILE_DIR_PATH}/Podfile.lock",
				"${PODS_ROOT}/Manifest.lock",
			);
			name = "[CP] Check Pods Manifest.lock";
			outputFileListPaths = (
			);
			outputPaths = (
				"$(DERIVED_FILE_DIR)/Pods-WhatToDo-checkManifestLockResult.txt",
			);
			runOnlyForDeploymentPostprocessing = 0;
			shellPath = /bin/sh;
			shellScript = "diff \"${PODS_PODFILE_DIR_PATH}/Podfile.lock\" \"${PODS_ROOT}/Manifest.lock\" > /dev/null\nif [ $? != 0 ] ; then\n    # print error to STDERR\n    echo \"error: The sandbox is not in sync with the Podfile.lock. Run 'pod install' or update your CocoaPods installation.\" >&2\n    exit 1\nfi\n# This output is used by Xcode 'outputs' to avoid re-running this script phase.\necho \"SUCCESS\" > \"${SCRIPT_OUTPUT_FILE_0}\"\n";
			showEnvVarsInLog = 0;
		};
		6B9A91B0225404F7E824AABE /* [CP] Check Pods Manifest.lock */ = {
			isa = PBXShellScriptBuildPhase;
			buildActionMask = 2147483647;
			files = (
			);
			inputFileListPaths = (
			);
			inputPaths = (
				"${PODS_PODFILE_DIR_PATH}/Podfile.lock",
				"${PODS_ROOT}/Manifest.lock",
			);
			name = "[CP] Check Pods Manifest.lock";
			outputFileListPaths = (
			);
			outputPaths = (
				"$(DERIVED_FILE_DIR)/Pods-WhatToDo-WhatToDoUITests-checkManifestLockResult.txt",
			);
			runOnlyForDeploymentPostprocessing = 0;
			shellPath = /bin/sh;
			shellScript = "diff \"${PODS_PODFILE_DIR_PATH}/Podfile.lock\" \"${PODS_ROOT}/Manifest.lock\" > /dev/null\nif [ $? != 0 ] ; then\n    # print error to STDERR\n    echo \"error: The sandbox is not in sync with the Podfile.lock. Run 'pod install' or update your CocoaPods installation.\" >&2\n    exit 1\nfi\n# This output is used by Xcode 'outputs' to avoid re-running this script phase.\necho \"SUCCESS\" > \"${SCRIPT_OUTPUT_FILE_0}\"\n";
			showEnvVarsInLog = 0;
		};
		6DC416867B4C915A3B65DFCC /* [CP] Check Pods Manifest.lock */ = {
			isa = PBXShellScriptBuildPhase;
			buildActionMask = 2147483647;
			files = (
			);
			inputFileListPaths = (
			);
			inputPaths = (
				"${PODS_PODFILE_DIR_PATH}/Podfile.lock",
				"${PODS_ROOT}/Manifest.lock",
			);
			name = "[CP] Check Pods Manifest.lock";
			outputFileListPaths = (
			);
			outputPaths = (
				"$(DERIVED_FILE_DIR)/Pods-WhatToDoTests-checkManifestLockResult.txt",
			);
			runOnlyForDeploymentPostprocessing = 0;
			shellPath = /bin/sh;
			shellScript = "diff \"${PODS_PODFILE_DIR_PATH}/Podfile.lock\" \"${PODS_ROOT}/Manifest.lock\" > /dev/null\nif [ $? != 0 ] ; then\n    # print error to STDERR\n    echo \"error: The sandbox is not in sync with the Podfile.lock. Run 'pod install' or update your CocoaPods installation.\" >&2\n    exit 1\nfi\n# This output is used by Xcode 'outputs' to avoid re-running this script phase.\necho \"SUCCESS\" > \"${SCRIPT_OUTPUT_FILE_0}\"\n";
			showEnvVarsInLog = 0;
		};
		8973DA1A112718D808872949 /* [CP] Embed Pods Frameworks */ = {
			isa = PBXShellScriptBuildPhase;
			buildActionMask = 2147483647;
			files = (
			);
			inputFileListPaths = (
				"${PODS_ROOT}/Target Support Files/Pods-WhatToDo-WhatToDoUITests/Pods-WhatToDo-WhatToDoUITests-frameworks-${CONFIGURATION}-input-files.xcfilelist",
			);
			name = "[CP] Embed Pods Frameworks";
			outputFileListPaths = (
				"${PODS_ROOT}/Target Support Files/Pods-WhatToDo-WhatToDoUITests/Pods-WhatToDo-WhatToDoUITests-frameworks-${CONFIGURATION}-output-files.xcfilelist",
			);
			runOnlyForDeploymentPostprocessing = 0;
			shellPath = /bin/sh;
			shellScript = "\"${PODS_ROOT}/Target Support Files/Pods-WhatToDo-WhatToDoUITests/Pods-WhatToDo-WhatToDoUITests-frameworks.sh\"\n";
			showEnvVarsInLog = 0;
		};
		E8A9B96CAD0E7DFC26D6E4AA /* [CP] Embed Pods Frameworks */ = {
			isa = PBXShellScriptBuildPhase;
			buildActionMask = 2147483647;
			files = (
			);
			inputFileListPaths = (
				"${PODS_ROOT}/Target Support Files/Pods-WhatToDo/Pods-WhatToDo-frameworks-${CONFIGURATION}-input-files.xcfilelist",
			);
			name = "[CP] Embed Pods Frameworks";
			outputFileListPaths = (
				"${PODS_ROOT}/Target Support Files/Pods-WhatToDo/Pods-WhatToDo-frameworks-${CONFIGURATION}-output-files.xcfilelist",
			);
			runOnlyForDeploymentPostprocessing = 0;
			shellPath = /bin/sh;
			shellScript = "\"${PODS_ROOT}/Target Support Files/Pods-WhatToDo/Pods-WhatToDo-frameworks.sh\"\n";
			showEnvVarsInLog = 0;
		};
/* End PBXShellScriptBuildPhase section */

/* Begin PBXSourcesBuildPhase section */
		6E2C56E82A31A977005C8DAB /* Sources */ = {
			isa = PBXSourcesBuildPhase;
			buildActionMask = 2147483647;
			files = (
				6E2C573E2A31CF5D005C8DAB /* AppleService.swift in Sources */,
				6E2C56F92A31A979005C8DAB /* Persistence.swift in Sources */,
				6E2C57492A32BE93005C8DAB /* FirebaseDatabaseService.swift in Sources */,
				6E2C57472A32BBD8005C8DAB /* CommonUtil.swift in Sources */,
				6E2C572B2A31B287005C8DAB /* CommonButton.swift in Sources */,
				6E2C56F22A31A977005C8DAB /* ContentView.swift in Sources */,
				6E2C57422A32B026005C8DAB /* FirebaseAuthService.swift in Sources */,
				6E2C573B2A31CCAD005C8DAB /* LoginHeaderView.swift in Sources */,
				6E2C57372A31BBB3005C8DAB /* LoginView.swift in Sources */,
				6E19768A2A32DBE300E3B817 /* LocationManager.swift in Sources */,
				6E2C57402A32B020005C8DAB /* GoogleService.swift in Sources */,
				6E2C56F02A31A977005C8DAB /* WhatToDoApp.swift in Sources */,
				6E2C57312A31BAC1005C8DAB /* Constants.swift in Sources */,
				6E2C57392A31CA7D005C8DAB /* AppleLoginButton.swift in Sources */,
				6E2C57352A31BBA4005C8DAB /* HomeView.swift in Sources */,
				6E2C57452A32B812005C8DAB /* UserDefaultsUtil.swift in Sources */,
				6E1976882A32D14D00E3B817 /* WeatherView.swift in Sources */,
				6E2C56FC2A31A979005C8DAB /* WhatToDo.xcdatamodeld in Sources */,
				6E2C572E2A31B574005C8DAB /* Color+Ext.swift in Sources */,
			);
			runOnlyForDeploymentPostprocessing = 0;
		};
		6E2C56FD2A31A979005C8DAB /* Sources */ = {
			isa = PBXSourcesBuildPhase;
			buildActionMask = 2147483647;
			files = (
				6E2C57062A31A979005C8DAB /* WhatToDoTests.swift in Sources */,
			);
			runOnlyForDeploymentPostprocessing = 0;
		};
		6E2C57072A31A979005C8DAB /* Sources */ = {
			isa = PBXSourcesBuildPhase;
			buildActionMask = 2147483647;
			files = (
				6E2C57122A31A979005C8DAB /* WhatToDoUITestsLaunchTests.swift in Sources */,
				6E2C57102A31A979005C8DAB /* WhatToDoUITests.swift in Sources */,
			);
			runOnlyForDeploymentPostprocessing = 0;
		};
/* End PBXSourcesBuildPhase section */

/* Begin PBXTargetDependency section */
		6E2C57032A31A979005C8DAB /* PBXTargetDependency */ = {
			isa = PBXTargetDependency;
			target = 6E2C56EB2A31A977005C8DAB /* WhatToDo */;
			targetProxy = 6E2C57022A31A979005C8DAB /* PBXContainerItemProxy */;
		};
		6E2C570D2A31A979005C8DAB /* PBXTargetDependency */ = {
			isa = PBXTargetDependency;
			target = 6E2C56EB2A31A977005C8DAB /* WhatToDo */;
			targetProxy = 6E2C570C2A31A979005C8DAB /* PBXContainerItemProxy */;
		};
/* End PBXTargetDependency section */

/* Begin XCBuildConfiguration section */
		6E2C57132A31A979005C8DAB /* Debug */ = {
			isa = XCBuildConfiguration;
			buildSettings = {
				ALWAYS_SEARCH_USER_PATHS = NO;
				CLANG_ANALYZER_NONNULL = YES;
				CLANG_ANALYZER_NUMBER_OBJECT_CONVERSION = YES_AGGRESSIVE;
				CLANG_CXX_LANGUAGE_STANDARD = "gnu++20";
				CLANG_ENABLE_MODULES = YES;
				CLANG_ENABLE_OBJC_ARC = YES;
				CLANG_ENABLE_OBJC_WEAK = YES;
				CLANG_WARN_BLOCK_CAPTURE_AUTORELEASING = YES;
				CLANG_WARN_BOOL_CONVERSION = YES;
				CLANG_WARN_COMMA = YES;
				CLANG_WARN_CONSTANT_CONVERSION = YES;
				CLANG_WARN_DEPRECATED_OBJC_IMPLEMENTATIONS = YES;
				CLANG_WARN_DIRECT_OBJC_ISA_USAGE = YES_ERROR;
				CLANG_WARN_DOCUMENTATION_COMMENTS = YES;
				CLANG_WARN_EMPTY_BODY = YES;
				CLANG_WARN_ENUM_CONVERSION = YES;
				CLANG_WARN_INFINITE_RECURSION = YES;
				CLANG_WARN_INT_CONVERSION = YES;
				CLANG_WARN_NON_LITERAL_NULL_CONVERSION = YES;
				CLANG_WARN_OBJC_IMPLICIT_RETAIN_SELF = YES;
				CLANG_WARN_OBJC_LITERAL_CONVERSION = YES;
				CLANG_WARN_OBJC_ROOT_CLASS = YES_ERROR;
				CLANG_WARN_QUOTED_INCLUDE_IN_FRAMEWORK_HEADER = YES;
				CLANG_WARN_RANGE_LOOP_ANALYSIS = YES;
				CLANG_WARN_STRICT_PROTOTYPES = YES;
				CLANG_WARN_SUSPICIOUS_MOVE = YES;
				CLANG_WARN_UNGUARDED_AVAILABILITY = YES_AGGRESSIVE;
				CLANG_WARN_UNREACHABLE_CODE = YES;
				CLANG_WARN__DUPLICATE_METHOD_MATCH = YES;
				COPY_PHASE_STRIP = NO;
				DEBUG_INFORMATION_FORMAT = dwarf;
				ENABLE_STRICT_OBJC_MSGSEND = YES;
				ENABLE_TESTABILITY = YES;
				GCC_C_LANGUAGE_STANDARD = gnu11;
				GCC_DYNAMIC_NO_PIC = NO;
				GCC_NO_COMMON_BLOCKS = YES;
				GCC_OPTIMIZATION_LEVEL = 0;
				GCC_PREPROCESSOR_DEFINITIONS = (
					"DEBUG=1",
					"$(inherited)",
				);
				GCC_WARN_64_TO_32_BIT_CONVERSION = YES;
				GCC_WARN_ABOUT_RETURN_TYPE = YES_ERROR;
				GCC_WARN_UNDECLARED_SELECTOR = YES;
				GCC_WARN_UNINITIALIZED_AUTOS = YES_AGGRESSIVE;
				GCC_WARN_UNUSED_FUNCTION = YES;
				GCC_WARN_UNUSED_VARIABLE = YES;
				IPHONEOS_DEPLOYMENT_TARGET = 16.4;
				MTL_ENABLE_DEBUG_INFO = INCLUDE_SOURCE;
				MTL_FAST_MATH = YES;
				ONLY_ACTIVE_ARCH = YES;
				SDKROOT = iphoneos;
				SWIFT_ACTIVE_COMPILATION_CONDITIONS = DEBUG;
				SWIFT_OPTIMIZATION_LEVEL = "-Onone";
			};
			name = Debug;
		};
		6E2C57142A31A979005C8DAB /* Release */ = {
			isa = XCBuildConfiguration;
			buildSettings = {
				ALWAYS_SEARCH_USER_PATHS = NO;
				CLANG_ANALYZER_NONNULL = YES;
				CLANG_ANALYZER_NUMBER_OBJECT_CONVERSION = YES_AGGRESSIVE;
				CLANG_CXX_LANGUAGE_STANDARD = "gnu++20";
				CLANG_ENABLE_MODULES = YES;
				CLANG_ENABLE_OBJC_ARC = YES;
				CLANG_ENABLE_OBJC_WEAK = YES;
				CLANG_WARN_BLOCK_CAPTURE_AUTORELEASING = YES;
				CLANG_WARN_BOOL_CONVERSION = YES;
				CLANG_WARN_COMMA = YES;
				CLANG_WARN_CONSTANT_CONVERSION = YES;
				CLANG_WARN_DEPRECATED_OBJC_IMPLEMENTATIONS = YES;
				CLANG_WARN_DIRECT_OBJC_ISA_USAGE = YES_ERROR;
				CLANG_WARN_DOCUMENTATION_COMMENTS = YES;
				CLANG_WARN_EMPTY_BODY = YES;
				CLANG_WARN_ENUM_CONVERSION = YES;
				CLANG_WARN_INFINITE_RECURSION = YES;
				CLANG_WARN_INT_CONVERSION = YES;
				CLANG_WARN_NON_LITERAL_NULL_CONVERSION = YES;
				CLANG_WARN_OBJC_IMPLICIT_RETAIN_SELF = YES;
				CLANG_WARN_OBJC_LITERAL_CONVERSION = YES;
				CLANG_WARN_OBJC_ROOT_CLASS = YES_ERROR;
				CLANG_WARN_QUOTED_INCLUDE_IN_FRAMEWORK_HEADER = YES;
				CLANG_WARN_RANGE_LOOP_ANALYSIS = YES;
				CLANG_WARN_STRICT_PROTOTYPES = YES;
				CLANG_WARN_SUSPICIOUS_MOVE = YES;
				CLANG_WARN_UNGUARDED_AVAILABILITY = YES_AGGRESSIVE;
				CLANG_WARN_UNREACHABLE_CODE = YES;
				CLANG_WARN__DUPLICATE_METHOD_MATCH = YES;
				COPY_PHASE_STRIP = NO;
				DEBUG_INFORMATION_FORMAT = "dwarf-with-dsym";
				ENABLE_NS_ASSERTIONS = NO;
				ENABLE_STRICT_OBJC_MSGSEND = YES;
				GCC_C_LANGUAGE_STANDARD = gnu11;
				GCC_NO_COMMON_BLOCKS = YES;
				GCC_WARN_64_TO_32_BIT_CONVERSION = YES;
				GCC_WARN_ABOUT_RETURN_TYPE = YES_ERROR;
				GCC_WARN_UNDECLARED_SELECTOR = YES;
				GCC_WARN_UNINITIALIZED_AUTOS = YES_AGGRESSIVE;
				GCC_WARN_UNUSED_FUNCTION = YES;
				GCC_WARN_UNUSED_VARIABLE = YES;
				IPHONEOS_DEPLOYMENT_TARGET = 16.4;
				MTL_ENABLE_DEBUG_INFO = NO;
				MTL_FAST_MATH = YES;
				SDKROOT = iphoneos;
				SWIFT_COMPILATION_MODE = wholemodule;
				SWIFT_OPTIMIZATION_LEVEL = "-O";
				VALIDATE_PRODUCT = YES;
			};
			name = Release;
		};
		6E2C57162A31A979005C8DAB /* Debug */ = {
			isa = XCBuildConfiguration;
			baseConfigurationReference = 8A4AA99D289DC0A81F3AA462 /* Pods-WhatToDo.debug.xcconfig */;
			buildSettings = {
				ASSETCATALOG_COMPILER_APPICON_NAME = AppIcon;
				ASSETCATALOG_COMPILER_GLOBAL_ACCENT_COLOR_NAME = AccentColor;
				CODE_SIGN_ENTITLEMENTS = WhatToDo/WhatToDo.entitlements;
				CODE_SIGN_STYLE = Automatic;
				CURRENT_PROJECT_VERSION = 1;
				DEVELOPMENT_ASSET_PATHS = "\"WhatToDo/Preview Content\"";
				DEVELOPMENT_TEAM = 7YM75J8UJJ;
				ENABLE_PREVIEWS = YES;
				GENERATE_INFOPLIST_FILE = YES;
				INFOPLIST_FILE = WhatToDo/Info.plist;
				INFOPLIST_KEY_CFBundleDisplayName = "왓투두";
				INFOPLIST_KEY_LSApplicationCategoryType = "public.app-category.lifestyle";
				INFOPLIST_KEY_NSLocationAlwaysAndWhenInUseUsageDescription = "날씨 정보를 가져오기 위해 사용자의 위치를 필요로 합니다";
				INFOPLIST_KEY_NSLocationAlwaysUsageDescription = "날씨 정보를 가져오기 위해 사용자의 위치를 필요로 합니다";
				INFOPLIST_KEY_NSLocationWhenInUseUsageDescription = "날씨 정보를 가져오기 위해 사용자의 위치를 필요로 합니다";
				INFOPLIST_KEY_UIApplicationSceneManifest_Generation = YES;
				INFOPLIST_KEY_UIApplicationSupportsIndirectInputEvents = YES;
				INFOPLIST_KEY_UILaunchScreen_Generation = YES;
				INFOPLIST_KEY_UILaunchStoryboardName = LaunchScreen.storyboard;
				INFOPLIST_KEY_UIStatusBarStyle = "";
				INFOPLIST_KEY_UISupportedInterfaceOrientations = UIInterfaceOrientationPortrait;
				INFOPLIST_KEY_UISupportedInterfaceOrientations_iPad = "UIInterfaceOrientationLandscapeLeft UIInterfaceOrientationLandscapeRight UIInterfaceOrientationPortrait UIInterfaceOrientationPortraitUpsideDown";
				IPHONEOS_DEPLOYMENT_TARGET = 16.0;
				LD_RUNPATH_SEARCH_PATHS = (
					"$(inherited)",
					"@executable_path/Frameworks",
				);
				MARKETING_VERSION = 1.0;
				PRODUCT_BUNDLE_IDENTIFIER = com.CY.WhatToDo;
				PRODUCT_NAME = "$(TARGET_NAME)";
				SUPPORTED_PLATFORMS = "iphoneos iphonesimulator";
				SUPPORTS_MACCATALYST = NO;
				SUPPORTS_MAC_DESIGNED_FOR_IPHONE_IPAD = NO;
				SWIFT_EMIT_LOC_STRINGS = YES;
				SWIFT_VERSION = 5.0;
				TARGETED_DEVICE_FAMILY = 1;
			};
			name = Debug;
		};
		6E2C57172A31A979005C8DAB /* Release */ = {
			isa = XCBuildConfiguration;
			baseConfigurationReference = FF182E9ACD3F225B9429C686 /* Pods-WhatToDo.release.xcconfig */;
			buildSettings = {
				ASSETCATALOG_COMPILER_APPICON_NAME = AppIcon;
				ASSETCATALOG_COMPILER_GLOBAL_ACCENT_COLOR_NAME = AccentColor;
				CODE_SIGN_ENTITLEMENTS = WhatToDo/WhatToDo.entitlements;
				CODE_SIGN_STYLE = Automatic;
				CURRENT_PROJECT_VERSION = 1;
				DEVELOPMENT_ASSET_PATHS = "\"WhatToDo/Preview Content\"";
				DEVELOPMENT_TEAM = 7YM75J8UJJ;
				ENABLE_PREVIEWS = YES;
				GENERATE_INFOPLIST_FILE = YES;
				INFOPLIST_FILE = WhatToDo/Info.plist;
				INFOPLIST_KEY_CFBundleDisplayName = "왓투두";
				INFOPLIST_KEY_LSApplicationCategoryType = "public.app-category.lifestyle";
				INFOPLIST_KEY_NSLocationAlwaysAndWhenInUseUsageDescription = "날씨 정보를 가져오기 위해 사용자의 위치를 필요로 합니다";
				INFOPLIST_KEY_NSLocationAlwaysUsageDescription = "날씨 정보를 가져오기 위해 사용자의 위치를 필요로 합니다";
				INFOPLIST_KEY_NSLocationWhenInUseUsageDescription = "날씨 정보를 가져오기 위해 사용자의 위치를 필요로 합니다";
				INFOPLIST_KEY_UIApplicationSceneManifest_Generation = YES;
				INFOPLIST_KEY_UIApplicationSupportsIndirectInputEvents = YES;
				INFOPLIST_KEY_UILaunchScreen_Generation = YES;
				INFOPLIST_KEY_UILaunchStoryboardName = LaunchScreen.storyboard;
				INFOPLIST_KEY_UIStatusBarStyle = "";
				INFOPLIST_KEY_UISupportedInterfaceOrientations = UIInterfaceOrientationPortrait;
				INFOPLIST_KEY_UISupportedInterfaceOrientations_iPad = "UIInterfaceOrientationLandscapeLeft UIInterfaceOrientationLandscapeRight UIInterfaceOrientationPortrait UIInterfaceOrientationPortraitUpsideDown";
				IPHONEOS_DEPLOYMENT_TARGET = 16.0;
				LD_RUNPATH_SEARCH_PATHS = (
					"$(inherited)",
					"@executable_path/Frameworks",
				);
				MARKETING_VERSION = 1.0;
				PRODUCT_BUNDLE_IDENTIFIER = com.CY.WhatToDo;
				PRODUCT_NAME = "$(TARGET_NAME)";
				SUPPORTED_PLATFORMS = "iphoneos iphonesimulator";
				SUPPORTS_MACCATALYST = NO;
				SUPPORTS_MAC_DESIGNED_FOR_IPHONE_IPAD = NO;
				SWIFT_EMIT_LOC_STRINGS = YES;
				SWIFT_VERSION = 5.0;
				TARGETED_DEVICE_FAMILY = 1;
			};
			name = Release;
		};
		6E2C57192A31A979005C8DAB /* Debug */ = {
			isa = XCBuildConfiguration;
			baseConfigurationReference = 2E858DDE606BA16E13969CD8 /* Pods-WhatToDoTests.debug.xcconfig */;
			buildSettings = {
				ALWAYS_EMBED_SWIFT_STANDARD_LIBRARIES = YES;
				BUNDLE_LOADER = "$(TEST_HOST)";
				CODE_SIGN_STYLE = Automatic;
				CURRENT_PROJECT_VERSION = 1;
				DEVELOPMENT_TEAM = 7YM75J8UJJ;
				GENERATE_INFOPLIST_FILE = YES;
				IPHONEOS_DEPLOYMENT_TARGET = 16.4;
				MARKETING_VERSION = 1.0;
				PRODUCT_BUNDLE_IDENTIFIER = com.CY.WhatToDoTests;
				PRODUCT_NAME = "$(TARGET_NAME)";
				SWIFT_EMIT_LOC_STRINGS = NO;
				SWIFT_VERSION = 5.0;
				TARGETED_DEVICE_FAMILY = "1,2";
				TEST_HOST = "$(BUILT_PRODUCTS_DIR)/WhatToDo.app/$(BUNDLE_EXECUTABLE_FOLDER_PATH)/WhatToDo";
			};
			name = Debug;
		};
		6E2C571A2A31A979005C8DAB /* Release */ = {
			isa = XCBuildConfiguration;
			baseConfigurationReference = 840DDD7E0053ADFCCE2F3A6C /* Pods-WhatToDoTests.release.xcconfig */;
			buildSettings = {
				ALWAYS_EMBED_SWIFT_STANDARD_LIBRARIES = YES;
				BUNDLE_LOADER = "$(TEST_HOST)";
				CODE_SIGN_STYLE = Automatic;
				CURRENT_PROJECT_VERSION = 1;
				DEVELOPMENT_TEAM = 7YM75J8UJJ;
				GENERATE_INFOPLIST_FILE = YES;
				IPHONEOS_DEPLOYMENT_TARGET = 16.4;
				MARKETING_VERSION = 1.0;
				PRODUCT_BUNDLE_IDENTIFIER = com.CY.WhatToDoTests;
				PRODUCT_NAME = "$(TARGET_NAME)";
				SWIFT_EMIT_LOC_STRINGS = NO;
				SWIFT_VERSION = 5.0;
				TARGETED_DEVICE_FAMILY = "1,2";
				TEST_HOST = "$(BUILT_PRODUCTS_DIR)/WhatToDo.app/$(BUNDLE_EXECUTABLE_FOLDER_PATH)/WhatToDo";
			};
			name = Release;
		};
		6E2C571C2A31A979005C8DAB /* Debug */ = {
			isa = XCBuildConfiguration;
			baseConfigurationReference = C6B88012A227CA8C4B48316D /* Pods-WhatToDo-WhatToDoUITests.debug.xcconfig */;
			buildSettings = {
				ALWAYS_EMBED_SWIFT_STANDARD_LIBRARIES = YES;
				CODE_SIGN_STYLE = Automatic;
				CURRENT_PROJECT_VERSION = 1;
				DEVELOPMENT_TEAM = 7YM75J8UJJ;
				GENERATE_INFOPLIST_FILE = YES;
				MARKETING_VERSION = 1.0;
				PRODUCT_BUNDLE_IDENTIFIER = com.CY.WhatToDoUITests;
				PRODUCT_NAME = "$(TARGET_NAME)";
				SWIFT_EMIT_LOC_STRINGS = NO;
				SWIFT_VERSION = 5.0;
				TARGETED_DEVICE_FAMILY = "1,2";
				TEST_TARGET_NAME = WhatToDo;
			};
			name = Debug;
		};
		6E2C571D2A31A979005C8DAB /* Release */ = {
			isa = XCBuildConfiguration;
			baseConfigurationReference = 1067E9B7DBD086930AC3EA97 /* Pods-WhatToDo-WhatToDoUITests.release.xcconfig */;
			buildSettings = {
				ALWAYS_EMBED_SWIFT_STANDARD_LIBRARIES = YES;
				CODE_SIGN_STYLE = Automatic;
				CURRENT_PROJECT_VERSION = 1;
				DEVELOPMENT_TEAM = 7YM75J8UJJ;
				GENERATE_INFOPLIST_FILE = YES;
				MARKETING_VERSION = 1.0;
				PRODUCT_BUNDLE_IDENTIFIER = com.CY.WhatToDoUITests;
				PRODUCT_NAME = "$(TARGET_NAME)";
				SWIFT_EMIT_LOC_STRINGS = NO;
				SWIFT_VERSION = 5.0;
				TARGETED_DEVICE_FAMILY = "1,2";
				TEST_TARGET_NAME = WhatToDo;
			};
			name = Release;
		};
/* End XCBuildConfiguration section */

/* Begin XCConfigurationList section */
		6E2C56E72A31A977005C8DAB /* Build configuration list for PBXProject "WhatToDo" */ = {
			isa = XCConfigurationList;
			buildConfigurations = (
				6E2C57132A31A979005C8DAB /* Debug */,
				6E2C57142A31A979005C8DAB /* Release */,
			);
			defaultConfigurationIsVisible = 0;
			defaultConfigurationName = Release;
		};
		6E2C57152A31A979005C8DAB /* Build configuration list for PBXNativeTarget "WhatToDo" */ = {
			isa = XCConfigurationList;
			buildConfigurations = (
				6E2C57162A31A979005C8DAB /* Debug */,
				6E2C57172A31A979005C8DAB /* Release */,
			);
			defaultConfigurationIsVisible = 0;
			defaultConfigurationName = Release;
		};
		6E2C57182A31A979005C8DAB /* Build configuration list for PBXNativeTarget "WhatToDoTests" */ = {
			isa = XCConfigurationList;
			buildConfigurations = (
				6E2C57192A31A979005C8DAB /* Debug */,
				6E2C571A2A31A979005C8DAB /* Release */,
			);
			defaultConfigurationIsVisible = 0;
			defaultConfigurationName = Release;
		};
		6E2C571B2A31A979005C8DAB /* Build configuration list for PBXNativeTarget "WhatToDoUITests" */ = {
			isa = XCConfigurationList;
			buildConfigurations = (
				6E2C571C2A31A979005C8DAB /* Debug */,
				6E2C571D2A31A979005C8DAB /* Release */,
			);
			defaultConfigurationIsVisible = 0;
			defaultConfigurationName = Release;
		};
/* End XCConfigurationList section */

/* Begin XCVersionGroup section */
		6E2C56FA2A31A979005C8DAB /* WhatToDo.xcdatamodeld */ = {
			isa = XCVersionGroup;
			children = (
				6E2C56FB2A31A979005C8DAB /* WhatToDo.xcdatamodel */,
			);
			currentVersion = 6E2C56FB2A31A979005C8DAB /* WhatToDo.xcdatamodel */;
			path = WhatToDo.xcdatamodeld;
			sourceTree = "<group>";
			versionGroupType = wrapper.xcdatamodel;
		};
/* End XCVersionGroup section */
	};
	rootObject = 6E2C56E42A31A977005C8DAB /* Project object */;
}
